// !$*UTF8*$!
{
	archiveVersion = 1;
	classes = {
	};
	objectVersion = 46;
	objects = {

/* Begin PBXBuildFile section */
		16022DB61D916055008D8065 /* AppDelegate.swift in Sources */ = {isa = PBXBuildFile; fileRef = 16022DB51D916055008D8065 /* AppDelegate.swift */; };
		16022DB81D916055008D8065 /* ViewController.swift in Sources */ = {isa = PBXBuildFile; fileRef = 16022DB71D916055008D8065 /* ViewController.swift */; };
		16022DBB1D916055008D8065 /* Main.storyboard in Resources */ = {isa = PBXBuildFile; fileRef = 16022DB91D916055008D8065 /* Main.storyboard */; };
		16022DBE1D916055008D8065 /* TodoApp.xcdatamodeld in Sources */ = {isa = PBXBuildFile; fileRef = 16022DBC1D916055008D8065 /* TodoApp.xcdatamodeld */; };
		16022DC01D916055008D8065 /* Assets.xcassets in Resources */ = {isa = PBXBuildFile; fileRef = 16022DBF1D916055008D8065 /* Assets.xcassets */; };
		16022DC31D916055008D8065 /* LaunchScreen.storyboard in Resources */ = {isa = PBXBuildFile; fileRef = 16022DC11D916055008D8065 /* LaunchScreen.storyboard */; };
		16022DCE1D916055008D8065 /* TodoAppTests.swift in Sources */ = {isa = PBXBuildFile; fileRef = 16022DCD1D916055008D8065 /* TodoAppTests.swift */; };
		16022DD91D916055008D8065 /* TodoAppUITests.swift in Sources */ = {isa = PBXBuildFile; fileRef = 16022DD81D916055008D8065 /* TodoAppUITests.swift */; };
/* End PBXBuildFile section */

/* Begin PBXContainerItemProxy section */
		16022DCA1D916055008D8065 /* PBXContainerItemProxy */ = {
			isa = PBXContainerItemProxy;
			containerPortal = 16022DAA1D916055008D8065 /* Project object */;
			proxyType = 1;
			remoteGlobalIDString = 16022DB11D916055008D8065;
			remoteInfo = TodoApp;
		};
		16022DD51D916055008D8065 /* PBXContainerItemProxy */ = {
			isa = PBXContainerItemProxy;
			containerPortal = 16022DAA1D916055008D8065 /* Project object */;
			proxyType = 1;
			remoteGlobalIDString = 16022DB11D916055008D8065;
			remoteInfo = TodoApp;
		};
/* End PBXContainerItemProxy section */

/* Begin PBXFileReference section */
		16022DB21D916055008D8065 /* TodoApp.app */ = {isa = PBXFileReference; explicitFileType = wrapper.application; includeInIndex = 0; path = TodoApp.app; sourceTree = BUILT_PRODUCTS_DIR; };
		16022DB51D916055008D8065 /* AppDelegate.swift */ = {isa = PBXFileReference; lastKnownFileType = sourcecode.swift; path = AppDelegate.swift; sourceTree = "<group>"; };
		16022DB71D916055008D8065 /* ViewController.swift */ = {isa = PBXFileReference; lastKnownFileType = sourcecode.swift; path = ViewController.swift; sourceTree = "<group>"; };
		16022DBA1D916055008D8065 /* Base */ = {isa = PBXFileReference; lastKnownFileType = file.storyboard; name = Base; path = Base.lproj/Main.storyboard; sourceTree = "<group>"; };
		16022DBD1D916055008D8065 /* TodoApp.xcdatamodel */ = {isa = PBXFileReference; lastKnownFileType = wrapper.xcdatamodel; path = TodoApp.xcdatamodel; sourceTree = "<group>"; };
		16022DBF1D916055008D8065 /* Assets.xcassets */ = {isa = PBXFileReference; lastKnownFileType = folder.assetcatalog; path = Assets.xcassets; sourceTree = "<group>"; };
		16022DC21D916055008D8065 /* Base */ = {isa = PBXFileReference; lastKnownFileType = file.storyboard; name = Base; path = Base.lproj/LaunchScreen.storyboard; sourceTree = "<group>"; };
		16022DC41D916055008D8065 /* Info.plist */ = {isa = PBXFileReference; lastKnownFileType = text.plist.xml; path = Info.plist; sourceTree = "<group>"; };
		16022DC91D916055008D8065 /* TodoAppTests.xctest */ = {isa = PBXFileReference; explicitFileType = wrapper.cfbundle; includeInIndex = 0; path = TodoAppTests.xctest; sourceTree = BUILT_PRODUCTS_DIR; };
		16022DCD1D916055008D8065 /* TodoAppTests.swift */ = {isa = PBXFileReference; lastKnownFileType = sourcecode.swift; path = TodoAppTests.swift; sourceTree = "<group>"; };
		16022DCF1D916055008D8065 /* Info.plist */ = {isa = PBXFileReference; lastKnownFileType = text.plist.xml; path = Info.plist; sourceTree = "<group>"; };
		16022DD41D916055008D8065 /* TodoAppUITests.xctest */ = {isa = PBXFileReference; explicitFileType = wrapper.cfbundle; includeInIndex = 0; path = TodoAppUITests.xctest; sourceTree = BUILT_PRODUCTS_DIR; };
		16022DD81D916055008D8065 /* TodoAppUITests.swift */ = {isa = PBXFileReference; lastKnownFileType = sourcecode.swift; path = TodoAppUITests.swift; sourceTree = "<group>"; };
		16022DDA1D916055008D8065 /* Info.plist */ = {isa = PBXFileReference; lastKnownFileType = text.plist.xml; path = Info.plist; sourceTree = "<group>"; };
/* End PBXFileReference section */

/* Begin PBXFrameworksBuildPhase section */
		16022DAF1D916055008D8065 /* Frameworks */ = {
			isa = PBXFrameworksBuildPhase;
			buildActionMask = 2147483647;
			files = (
			);
			runOnlyForDeploymentPostprocessing = 0;
		};
		16022DC61D916055008D8065 /* Frameworks */ = {
			isa = PBXFrameworksBuildPhase;
			buildActionMask = 2147483647;
			files = (
			);
			runOnlyForDeploymentPostprocessing = 0;
		};
		16022DD11D916055008D8065 /* Frameworks */ = {
			isa = PBXFrameworksBuildPhase;
			buildActionMask = 2147483647;
			files = (
			);
			runOnlyForDeploymentPostprocessing = 0;
		};
/* End PBXFrameworksBuildPhase section */

/* Begin PBXGroup section */
		16022DA91D916055008D8065 = {
			isa = PBXGroup;
			children = (
				16022DB41D916055008D8065 /* TodoApp */,
				16022DCC1D916055008D8065 /* TodoAppTests */,
				16022DD71D916055008D8065 /* TodoAppUITests */,
				16022DB31D916055008D8065 /* Products */,
			);
			sourceTree = "<group>";
		};
		16022DB31D916055008D8065 /* Products */ = {
			isa = PBXGroup;
			children = (
				16022DB21D916055008D8065 /* TodoApp.app */,
				16022DC91D916055008D8065 /* TodoAppTests.xctest */,
				16022DD41D916055008D8065 /* TodoAppUITests.xctest */,
			);
			name = Products;
			sourceTree = "<group>";
		};
		16022DB41D916055008D8065 /* TodoApp */ = {
			isa = PBXGroup;
			children = (
				16022DB51D916055008D8065 /* AppDelegate.swift */,
				16022DB71D916055008D8065 /* ViewController.swift */,
				16022DB91D916055008D8065 /* Main.storyboard */,
				16022DBF1D916055008D8065 /* Assets.xcassets */,
				16022DC11D916055008D8065 /* LaunchScreen.storyboard */,
				16022DC41D916055008D8065 /* Info.plist */,
				16022DBC1D916055008D8065 /* TodoApp.xcdatamodeld */,
			);
			path = TodoApp;
			sourceTree = "<group>";
		};
		16022DCC1D916055008D8065 /* TodoAppTests */ = {
			isa = PBXGroup;
			children = (
				16022DCD1D916055008D8065 /* TodoAppTests.swift */,
				16022DCF1D916055008D8065 /* Info.plist */,
			);
			path = TodoAppTests;
			sourceTree = "<group>";
		};
		16022DD71D916055008D8065 /* TodoAppUITests */ = {
			isa = PBXGroup;
			children = (
				16022DD81D916055008D8065 /* TodoAppUITests.swift */,
				16022DDA1D916055008D8065 /* Info.plist */,
			);
			path = TodoAppUITests;
			sourceTree = "<group>";
		};
/* End PBXGroup section */

/* Begin PBXNativeTarget section */
		16022DB11D916055008D8065 /* TodoApp */ = {
			isa = PBXNativeTarget;
			buildConfigurationList = 16022DDD1D916055008D8065 /* Build configuration list for PBXNativeTarget "TodoApp" */;
			buildPhases = (
				16022DAE1D916055008D8065 /* Sources */,
				16022DAF1D916055008D8065 /* Frameworks */,
				16022DB01D916055008D8065 /* Resources */,
			);
			buildRules = (
			);
			dependencies = (
			);
			name = TodoApp;
			productName = TodoApp;
			productReference = 16022DB21D916055008D8065 /* TodoApp.app */;
			productType = "com.apple.product-type.application";
		};
		16022DC81D916055008D8065 /* TodoAppTests */ = {
			isa = PBXNativeTarget;
			buildConfigurationList = 16022DE01D916055008D8065 /* Build configuration list for PBXNativeTarget "TodoAppTests" */;
			buildPhases = (
				16022DC51D916055008D8065 /* Sources */,
				16022DC61D916055008D8065 /* Frameworks */,
				16022DC71D916055008D8065 /* Resources */,
			);
			buildRules = (
			);
			dependencies = (
				16022DCB1D916055008D8065 /* PBXTargetDependency */,
			);
			name = TodoAppTests;
			productName = TodoAppTests;
			productReference = 16022DC91D916055008D8065 /* TodoAppTests.xctest */;
			productType = "com.apple.product-type.bundle.unit-test";
		};
		16022DD31D916055008D8065 /* TodoAppUITests */ = {
			isa = PBXNativeTarget;
			buildConfigurationList = 16022DE31D916055008D8065 /* Build configuration list for PBXNativeTarget "TodoAppUITests" */;
			buildPhases = (
				16022DD01D916055008D8065 /* Sources */,
				16022DD11D916055008D8065 /* Frameworks */,
				16022DD21D916055008D8065 /* Resources */,
			);
			buildRules = (
			);
			dependencies = (
				16022DD61D916055008D8065 /* PBXTargetDependency */,
			);
			name = TodoAppUITests;
			productName = TodoAppUITests;
			productReference = 16022DD41D916055008D8065 /* TodoAppUITests.xctest */;
			productType = "com.apple.product-type.bundle.ui-testing";
		};
/* End PBXNativeTarget section */

/* Begin PBXProject section */
		16022DAA1D916055008D8065 /* Project object */ = {
			isa = PBXProject;
			attributes = {
				LastSwiftUpdateCheck = 0800;
				LastUpgradeCheck = 0800;
				ORGANIZATIONNAME = "Seiya Kurokome";
				TargetAttributes = {
					16022DB11D916055008D8065 = {
						CreatedOnToolsVersion = 8.0;
						ProvisioningStyle = Automatic;
					};
					16022DC81D916055008D8065 = {
						CreatedOnToolsVersion = 8.0;
						ProvisioningStyle = Automatic;
						TestTargetID = 16022DB11D916055008D8065;
					};
					16022DD31D916055008D8065 = {
						CreatedOnToolsVersion = 8.0;
						ProvisioningStyle = Automatic;
						TestTargetID = 16022DB11D916055008D8065;
					};
				};
			};
			buildConfigurationList = 16022DAD1D916055008D8065 /* Build configuration list for PBXProject "TodoApp" */;
			compatibilityVersion = "Xcode 3.2";
			developmentRegion = English;
			hasScannedForEncodings = 0;
			knownRegions = (
				en,
				Base,
			);
			mainGroup = 16022DA91D916055008D8065;
			productRefGroup = 16022DB31D916055008D8065 /* Products */;
			projectDirPath = "";
			projectRoot = "";
			targets = (
				16022DB11D916055008D8065 /* TodoApp */,
				16022DC81D916055008D8065 /* TodoAppTests */,
				16022DD31D916055008D8065 /* TodoAppUITests */,
			);
		};
/* End PBXProject section */

/* Begin PBXResourcesBuildPhase section */
		16022DB01D916055008D8065 /* Resources */ = {
			isa = PBXResourcesBuildPhase;
			buildActionMask = 2147483647;
			files = (
				16022DC31D916055008D8065 /* LaunchScreen.storyboard in Resources */,
				16022DC01D916055008D8065 /* Assets.xcassets in Resources */,
				16022DBB1D916055008D8065 /* Main.storyboard in Resources */,
			);
			runOnlyForDeploymentPostprocessing = 0;
		};
		16022DC71D916055008D8065 /* Resources */ = {
			isa = PBXResourcesBuildPhase;
			buildActionMask = 2147483647;
			files = (
			);
			runOnlyForDeploymentPostprocessing = 0;
		};
		16022DD21D916055008D8065 /* Resources */ = {
			isa = PBXResourcesBuildPhase;
			buildActionMask = 2147483647;
			files = (
			);
			runOnlyForDeploymentPostprocessing = 0;
		};
/* End PBXResourcesBuildPhase section */

/* Begin PBXSourcesBuildPhase section */
		16022DAE1D916055008D8065 /* Sources */ = {
			isa = PBXSourcesBuildPhase;
			buildActionMask = 2147483647;
			files = (
				16022DB81D916055008D8065 /* ViewController.swift in Sources */,
				16022DBE1D916055008D8065 /* TodoApp.xcdatamodeld in Sources */,
				16022DB61D916055008D8065 /* AppDelegate.swift in Sources */,
			);
			runOnlyForDeploymentPostprocessing = 0;
		};
		16022DC51D916055008D8065 /* Sources */ = {
			isa = PBXSourcesBuildPhase;
			buildActionMask = 2147483647;
			files = (
				16022DCE1D916055008D8065 /* TodoAppTests.swift in Sources */,
			);
			runOnlyForDeploymentPostprocessing = 0;
		};
		16022DD01D916055008D8065 /* Sources */ = {
			isa = PBXSourcesBuildPhase;
			buildActionMask = 2147483647;
			files = (
				16022DD91D916055008D8065 /* TodoAppUITests.swift in Sources */,
			);
			runOnlyForDeploymentPostprocessing = 0;
		};
/* End PBXSourcesBuildPhase section */

/* Begin PBXTargetDependency section */
		16022DCB1D916055008D8065 /* PBXTargetDependency */ = {
			isa = PBXTargetDependency;
			target = 16022DB11D916055008D8065 /* TodoApp */;
			targetProxy = 16022DCA1D916055008D8065 /* PBXContainerItemProxy */;
		};
		16022DD61D916055008D8065 /* PBXTargetDependency */ = {
			isa = PBXTargetDependency;
			target = 16022DB11D916055008D8065 /* TodoApp */;
			targetProxy = 16022DD51D916055008D8065 /* PBXContainerItemProxy */;
		};
/* End PBXTargetDependency section */

/* Begin PBXVariantGroup section */
		16022DB91D916055008D8065 /* Main.storyboard */ = {
			isa = PBXVariantGroup;
			children = (
				16022DBA1D916055008D8065 /* Base */,
			);
			name = Main.storyboard;
			sourceTree = "<group>";
		};
		16022DC11D916055008D8065 /* LaunchScreen.storyboard */ = {
			isa = PBXVariantGroup;
			children = (
				16022DC21D916055008D8065 /* Base */,
			);
			name = LaunchScreen.storyboard;
			sourceTree = "<group>";
		};
/* End PBXVariantGroup section */

/* Begin XCBuildConfiguration section */
		16022DDB1D916055008D8065 /* Debug */ = {
			isa = XCBuildConfiguration;
			buildSettings = {
				ALWAYS_SEARCH_USER_PATHS = NO;
				CLANG_ANALYZER_NONNULL = YES;
				CLANG_CXX_LANGUAGE_STANDARD = "gnu++0x";
				CLANG_CXX_LIBRARY = "libc++";
				CLANG_ENABLE_MODULES = YES;
				CLANG_ENABLE_OBJC_ARC = YES;
				CLANG_WARN_BOOL_CONVERSION = YES;
				CLANG_WARN_CONSTANT_CONVERSION = YES;
				CLANG_WARN_DIRECT_OBJC_ISA_USAGE = YES_ERROR;
				CLANG_WARN_DOCUMENTATION_COMMENTS = YES;
				CLANG_WARN_EMPTY_BODY = YES;
				CLANG_WARN_ENUM_CONVERSION = YES;
				CLANG_WARN_INFINITE_RECURSION = YES;
				CLANG_WARN_INT_CONVERSION = YES;
				CLANG_WARN_OBJC_ROOT_CLASS = YES_ERROR;
				CLANG_WARN_SUSPICIOUS_MOVES = YES;
				CLANG_WARN_UNREACHABLE_CODE = YES;
				CLANG_WARN__DUPLICATE_METHOD_MATCH = YES;
				"CODE_SIGN_IDENTITY[sdk=iphoneos*]" = "iPhone Developer";
				COPY_PHASE_STRIP = NO;
				DEBUG_INFORMATION_FORMAT = dwarf;
				ENABLE_STRICT_OBJC_MSGSEND = YES;
				ENABLE_TESTABILITY = YES;
				GCC_C_LANGUAGE_STANDARD = gnu99;
				GCC_DYNAMIC_NO_PIC = NO;
				GCC_NO_COMMON_BLOCKS = YES;
				GCC_OPTIMIZATION_LEVEL = 0;
				GCC_PREPROCESSOR_DEFINITIONS = (
					"DEBUG=1",
					"$(inherited)",
				);
				GCC_WARN_64_TO_32_BIT_CONVERSION = YES;
				GCC_WARN_ABOUT_RETURN_TYPE = YES_ERROR;
				GCC_WARN_UNDECLARED_SELECTOR = YES;
				GCC_WARN_UNINITIALIZED_AUTOS = YES_AGGRESSIVE;
				GCC_WARN_UNUSED_FUNCTION = YES;
				GCC_WARN_UNUSED_VARIABLE = YES;
				IPHONEOS_DEPLOYMENT_TARGET = 10.0;
				MTL_ENABLE_DEBUG_INFO = YES;
				ONLY_ACTIVE_ARCH = YES;
				SDKROOT = iphoneos;
				SWIFT_ACTIVE_COMPILATION_CONDITIONS = DEBUG;
				SWIFT_OPTIMIZATION_LEVEL = "-Onone";
			};
			name = Debug;
		};
		16022DDC1D916055008D8065 /* Release */ = {
			isa = XCBuildConfiguration;
			buildSettings = {
				ALWAYS_SEARCH_USER_PATHS = NO;
				CLANG_ANALYZER_NONNULL = YES;
				CLANG_CXX_LANGUAGE_STANDARD = "gnu++0x";
				CLANG_CXX_LIBRARY = "libc++";
				CLANG_ENABLE_MODULES = YES;
				CLANG_ENABLE_OBJC_ARC = YES;
				CLANG_WARN_BOOL_CONVERSION = YES;
				CLANG_WARN_CONSTANT_CONVERSION = YES;
				CLANG_WARN_DIRECT_OBJC_ISA_USAGE = YES_ERROR;
				CLANG_WARN_DOCUMENTATION_COMMENTS = YES;
				CLANG_WARN_EMPTY_BODY = YES;
				CLANG_WARN_ENUM_CONVERSION = YES;
				CLANG_WARN_INFINITE_RECURSION = YES;
				CLANG_WARN_INT_CONVERSION = YES;
				CLANG_WARN_OBJC_ROOT_CLASS = YES_ERROR;
				CLANG_WARN_SUSPICIOUS_MOVES = YES;
				CLANG_WARN_UNREACHABLE_CODE = YES;
				CLANG_WARN__DUPLICATE_METHOD_MATCH = YES;
				"CODE_SIGN_IDENTITY[sdk=iphoneos*]" = "iPhone Developer";
				COPY_PHASE_STRIP = NO;
				DEBUG_INFORMATION_FORMAT = "dwarf-with-dsym";
				ENABLE_NS_ASSERTIONS = NO;
				ENABLE_STRICT_OBJC_MSGSEND = YES;
				GCC_C_LANGUAGE_STANDARD = gnu99;
				GCC_NO_COMMON_BLOCKS = YES;
				GCC_WARN_64_TO_32_BIT_CONVERSION = YES;
				GCC_WARN_ABOUT_RETURN_TYPE = YES_ERROR;
				GCC_WARN_UNDECLARED_SELECTOR = YES;
				GCC_WARN_UNINITIALIZED_AUTOS = YES_AGGRESSIVE;
				GCC_WARN_UNUSED_FUNCTION = YES;
				GCC_WARN_UNUSED_VARIABLE = YES;
				IPHONEOS_DEPLOYMENT_TARGET = 10.0;
				MTL_ENABLE_DEBUG_INFO = NO;
				SDKROOT = iphoneos;
				SWIFT_OPTIMIZATION_LEVEL = "-Owholemodule";
				VALIDATE_PRODUCT = YES;
			};
			name = Release;
		};
		16022DDE1D916055008D8065 /* Debug */ = {
			isa = XCBuildConfiguration;
			buildSettings = {
				ASSETCATALOG_COMPILER_APPICON_NAME = AppIcon;
				INFOPLIST_FILE = TodoApp/Info.plist;
				LD_RUNPATH_SEARCH_PATHS = "$(inherited) @executable_path/Frameworks";
				PRODUCT_BUNDLE_IDENTIFIER = "net.mine-is.kurokome.TodoApp";
				PRODUCT_NAME = "$(TARGET_NAME)";
				SWIFT_VERSION = 3.0;
			};
			name = Debug;
		};
		16022DDF1D916055008D8065 /* Release */ = {
			isa = XCBuildConfiguration;
			buildSettings = {
				ASSETCATALOG_COMPILER_APPICON_NAME = AppIcon;
				INFOPLIST_FILE = TodoApp/Info.plist;
				LD_RUNPATH_SEARCH_PATHS = "$(inherited) @executable_path/Frameworks";
				PRODUCT_BUNDLE_IDENTIFIER = "net.mine-is.kurokome.TodoApp";
				PRODUCT_NAME = "$(TARGET_NAME)";
				SWIFT_VERSION = 3.0;
			};
			name = Release;
		};
		16022DE11D916055008D8065 /* Debug */ = {
			isa = XCBuildConfiguration;
			buildSettings = {
				ALWAYS_EMBED_SWIFT_STANDARD_LIBRARIES = YES;
				BUNDLE_LOADER = "$(TEST_HOST)";
				INFOPLIST_FILE = TodoAppTests/Info.plist;
				LD_RUNPATH_SEARCH_PATHS = "$(inherited) @executable_path/Frameworks @loader_path/Frameworks";
				PRODUCT_BUNDLE_IDENTIFIER = "net.mine-is.kurokome.TodoAppTests";
				PRODUCT_NAME = "$(TARGET_NAME)";
				SWIFT_VERSION = 3.0;
				TEST_HOST = "$(BUILT_PRODUCTS_DIR)/TodoApp.app/TodoApp";
			};
			name = Debug;
		};
		16022DE21D916055008D8065 /* Release */ = {
			isa = XCBuildConfiguration;
			buildSettings = {
				ALWAYS_EMBED_SWIFT_STANDARD_LIBRARIES = YES;
				BUNDLE_LOADER = "$(TEST_HOST)";
				INFOPLIST_FILE = TodoAppTests/Info.plist;
				LD_RUNPATH_SEARCH_PATHS = "$(inherited) @executable_path/Frameworks @loader_path/Frameworks";
				PRODUCT_BUNDLE_IDENTIFIER = "net.mine-is.kurokome.TodoAppTests";
				PRODUCT_NAME = "$(TARGET_NAME)";
				SWIFT_VERSION = 3.0;
				TEST_HOST = "$(BUILT_PRODUCTS_DIR)/TodoApp.app/TodoApp";
			};
			name = Release;
		};
		16022DE41D916055008D8065 /* Debug */ = {
			isa = XCBuildConfiguration;
			buildSettings = {
				ALWAYS_EMBED_SWIFT_STANDARD_LIBRARIES = YES;
				INFOPLIST_FILE = TodoAppUITests/Info.plist;
				LD_RUNPATH_SEARCH_PATHS = "$(inherited) @executable_path/Frameworks @loader_path/Frameworks";
				PRODUCT_BUNDLE_IDENTIFIER = "net.mine-is.kurokome.TodoAppUITests";
				PRODUCT_NAME = "$(TARGET_NAME)";
				SWIFT_VERSION = 3.0;
				TEST_TARGET_NAME = TodoApp;
			};
			name = Debug;
		};
		16022DE51D916055008D8065 /* Release */ = {
			isa = XCBuildConfiguration;
			buildSettings = {
				ALWAYS_EMBED_SWIFT_STANDARD_LIBRARIES = YES;
				INFOPLIST_FILE = TodoAppUITests/Info.plist;
				LD_RUNPATH_SEARCH_PATHS = "$(inherited) @executable_path/Frameworks @loader_path/Frameworks";
				PRODUCT_BUNDLE_IDENTIFIER = "net.mine-is.kurokome.TodoAppUITests";
				PRODUCT_NAME = "$(TARGET_NAME)";
				SWIFT_VERSION = 3.0;
				TEST_TARGET_NAME = TodoApp;
			};
			name = Release;
		};
/* End XCBuildConfiguration section */

/* Begin XCConfigurationList section */
		16022DAD1D916055008D8065 /* Build configuration list for PBXProject "TodoApp" */ = {
			isa = XCConfigurationList;
			buildConfigurations = (
				16022DDB1D916055008D8065 /* Debug */,
				16022DDC1D916055008D8065 /* Release */,
			);
			defaultConfigurationIsVisible = 0;
			defaultConfigurationName = Release;
		};
		16022DDD1D916055008D8065 /* Build configuration list for PBXNativeTarget "TodoApp" */ = {
			isa = XCConfigurationList;
			buildConfigurations = (
				16022DDE1D916055008D8065 /* Debug */,
				16022DDF1D916055008D8065 /* Release */,
			);
			defaultConfigurationIsVisible = 0;
		};
		16022DE01D916055008D8065 /* Build configuration list for PBXNativeTarget "TodoAppTests" */ = {
			isa = XCConfigurationList;
			buildConfigurations = (
				16022DE11D916055008D8065 /* Debug */,
				16022DE21D916055008D8065 /* Release */,
			);
			defaultConfigurationIsVisible = 0;
		};
		16022DE31D916055008D8065 /* Build configuration list for PBXNativeTarget "TodoAppUITests" */ = {
			isa = XCConfigurationList;
			buildConfigurations = (
				16022DE41D916055008D8065 /* Debug */,
				16022DE51D916055008D8065 /* Release */,
			);
			defaultConfigurationIsVisible = 0;
		};
/* End XCConfigurationList section */

/* Begin XCVersionGroup section */
		16022DBC1D916055008D8065 /* TodoApp.xcdatamodeld */ = {
			isa = XCVersionGroup;
			children = (
				16022DBD1D916055008D8065 /* TodoApp.xcdatamodel */,
			);
			currentVersion = 16022DBD1D916055008D8065 /* TodoApp.xcdatamodel */;
			path = TodoApp.xcdatamodeld;
			sourceTree = "<group>";
			versionGroupType = wrapper.xcdatamodel;
		};
/* End XCVersionGroup section */
	};
	rootObject = 16022DAA1D916055008D8065 /* Project object */;
}
